
Microsoft Visual Studio Solution File, Format Version 12.00
# Visual Studio Version 16
VisualStudioVersion = 16.0.31605.320
MinimumVisualStudioVersion = 10.0.40219.1
Project("{FAE04EC0-301F-11D3-BF4B-00C04F79EFBC}") = "online-shopping-app", "online-shopping-app\online-shopping-app.csproj", "{88283AF8-09B9-4BBE-A8E8-71590794A1D0}"
EndProject
Global
	GlobalSection(SolutionConfigurationPlatforms) = preSolution
		Debug|Any CPU = Debug|Any CPU
		Release|Any CPU = Release|Any CPU
	EndGlobalSection
	GlobalSection(ProjectConfigurationPlatforms) = postSolution
		{88283AF8-09B9-4BBE-A8E8-71590794A1D0}.Debug|Any CPU.ActiveCfg = Debug|Any CPU
		{88283AF8-09B9-4BBE-A8E8-71590794A1D0}.Debug|Any CPU.Build.0 = Debug|Any CPU
		{88283AF8-09B9-4BBE-A8E8-71590794A1D0}.Release|Any CPU.ActiveCfg = Release|Any CPU
		{88283AF8-09B9-4BBE-A8E8-71590794A1D0}.Release|Any CPU.Build.0 = Release|Any CPU
	EndGlobalSection
	GlobalSection(SolutionProperties) = preSolution
		HideSolutionNode = FALSE
	EndGlobalSection
	GlobalSection(ExtensibilityGlobals) = postSolution
		SolutionGuid = {6D7BE164-4AA3-405D-87BD-8A372817B4F0}
	EndGlobalSection
EndGlobal
